
Microsoft Visual Studio Solution File, Format Version 12.00
# Visual Studio Version 16
VisualStudioVersion = 16.0.31624.102
MinimumVisualStudioVersion = 10.0.40219.1
Project("{8BC9CEB8-8B4A-11D0-8D11-00A0C91BC942}") = "ConsoleApplication2", "ConsoleApplication2\ConsoleApplication2.vcxproj", "{FE39C41E-A6E4-42CE-BF2E-EB4AA50B6898}"
EndProject
Global
	GlobalSection(SolutionConfigurationPlatforms) = preSolution
		Debug|x64 = Debug|x64
		Debug|x86 = Debug|x86
		Release|x64 = Release|x64
		Release|x86 = Release|x86
	EndGlobalSection
	GlobalSection(ProjectConfigurationPlatforms) = postSolution
		{FE39C41E-A6E4-42CE-BF2E-EB4AA50B6898}.Debug|x64.ActiveCfg = Debug|x64
		{FE39C41E-A6E4-42CE-BF2E-EB4AA50B6898}.Debug|x64.Build.0 = Debug|x64
		{FE39C41E-A6E4-42CE-BF2E-EB4AA50B6898}.Debug|x86.ActiveCfg = Debug|Win32
		{FE39C41E-A6E4-42CE-BF2E-EB4AA50B6898}.Debug|x86.Build.0 = Debug|Win32
		{FE39C41E-A6E4-42CE-BF2E-EB4AA50B6898}.Release|x64.ActiveCfg = Release|x64
		{FE39C41E-A6E4-42CE-BF2E-EB4AA50B6898}.Release|x64.Build.0 = Release|x64
		{FE39C41E-A6E4-42CE-BF2E-EB4AA50B6898}.Release|x86.ActiveCfg = Release|Win32
		{FE39C41E-A6E4-42CE-BF2E-EB4AA50B6898}.Release|x86.Build.0 = Release|Win32
	EndGlobalSection
	GlobalSection(SolutionProperties) = preSolution
		HideSolutionNode = FALSE
	EndGlobalSection
	GlobalSection(ExtensibilityGlobals) = postSolution
		SolutionGuid = {7FDC24DD-1880-41C4-A69D-F8336C6A8750}
	EndGlobalSection
EndGlobal
